
Microsoft Visual Studio Solution File, Format Version 12.00
# Visual Studio 15
VisualStudioVersion = 15.0.27703.2018
MinimumVisualStudioVersion = 10.0.40219.1
Project("{FAE04EC0-301F-11D3-BF4B-00C04F79EFBC}") = "MvpReact", "MvpReact\MvpReact.csproj", "{5F7E7733-41DE-437C-85A4-CE26454A1A4A}"
EndProject
Global
	GlobalSection(SolutionConfigurationPlatforms) = preSolution
		Debug|Any CPU = Debug|Any CPU
		Release|Any CPU = Release|Any CPU
	EndGlobalSection
	GlobalSection(ProjectConfigurationPlatforms) = postSolution
		{5F7E7733-41DE-437C-85A4-CE26454A1A4A}.Debug|Any CPU.ActiveCfg = Debug|Any CPU
		{5F7E7733-41DE-437C-85A4-CE26454A1A4A}.Debug|Any CPU.Build.0 = Debug|Any CPU
		{5F7E7733-41DE-437C-85A4-CE26454A1A4A}.Release|Any CPU.ActiveCfg = Release|Any CPU
		{5F7E7733-41DE-437C-85A4-CE26454A1A4A}.Release|Any CPU.Build.0 = Release|Any CPU
	EndGlobalSection
	GlobalSection(SolutionProperties) = preSolution
		HideSolutionNode = FALSE
	EndGlobalSection
	GlobalSection(ExtensibilityGlobals) = postSolution
		SolutionGuid = {59E553A4-5C7E-48D2-85AD-1B9F9A11EB07}
	EndGlobalSection
EndGlobal
